// !$*UTF8*$!
{
	archiveVersion = 1;
	classes = {
	};
	objectVersion = 46;
	objects = {

/* Begin PBXBuildFile section */
		4644E693172CD90400087BF2 /* UIKit.framework in Frameworks */ = {isa = PBXBuildFile; fileRef = 4644E692172CD90400087BF2 /* UIKit.framework */; };
		4644E695172CD90400087BF2 /* Foundation.framework in Frameworks */ = {isa = PBXBuildFile; fileRef = 4644E694172CD90400087BF2 /* Foundation.framework */; };
		4644E697172CD90400087BF2 /* CoreGraphics.framework in Frameworks */ = {isa = PBXBuildFile; fileRef = 4644E696172CD90400087BF2 /* CoreGraphics.framework */; };
		4644E69F172CD90400087BF2 /* main.m in Sources */ = {isa = PBXBuildFile; fileRef = 4644E69E172CD90400087BF2 /* main.m */; };
		4644E6A3172CD90400087BF2 /* AppDelegate.m in Sources */ = {isa = PBXBuildFile; fileRef = 4644E6A2172CD90400087BF2 /* AppDelegate.m */; };
		4644E6A9172CD90400087BF2 /* Default-568h@2x.png in Resources */ = {isa = PBXBuildFile; fileRef = 4644E6A8172CD90400087BF2 /* Default-568h@2x.png */; };
		4644E6C2172CD94700087BF2 /* DataModel.m in Sources */ = {isa = PBXBuildFile; fileRef = 4644E6B7172CD94700087BF2 /* DataModel.m */; };
		4644E6C3172CD94700087BF2 /* HFCustomer.m in Sources */ = {isa = PBXBuildFile; fileRef = 4644E6B9172CD94700087BF2 /* HFCustomer.m */; };
		4644E6C4172CD94700087BF2 /* JSONParserGenerator.m in Sources */ = {isa = PBXBuildFile; fileRef = 4644E6BB172CD94700087BF2 /* JSONParserGenerator.m */; };
		4644E6C5172CD94700087BF2 /* NSCodingGenerator.m in Sources */ = {isa = PBXBuildFile; fileRef = 4644E6BD172CD94700087BF2 /* NSCodingGenerator.m */; };
		4644E6C6172CD94700087BF2 /* ObjectRuntime.m in Sources */ = {isa = PBXBuildFile; fileRef = 4644E6BF172CD94700087BF2 /* ObjectRuntime.m */; };
		4644E6C7172CD94700087BF2 /* PropertiesGenerator.m in Sources */ = {isa = PBXBuildFile; fileRef = 4644E6C1172CD94700087BF2 /* PropertiesGenerator.m */; };
/* End PBXBuildFile section */

/* Begin PBXFileReference section */
		4644E68F172CD90400087BF2 /* iCodeGenerator.app */ = {isa = PBXFileReference; explicitFileType = wrapper.application; includeInIndex = 0; path = iCodeGenerator.app; sourceTree = BUILT_PRODUCTS_DIR; };
		4644E692172CD90400087BF2 /* UIKit.framework */ = {isa = PBXFileReference; lastKnownFileType = wrapper.framework; name = UIKit.framework; path = System/Library/Frameworks/UIKit.framework; sourceTree = SDKROOT; };
		4644E694172CD90400087BF2 /* Foundation.framework */ = {isa = PBXFileReference; lastKnownFileType = wrapper.framework; name = Foundation.framework; path = System/Library/Frameworks/Foundation.framework; sourceTree = SDKROOT; };
		4644E696172CD90400087BF2 /* CoreGraphics.framework */ = {isa = PBXFileReference; lastKnownFileType = wrapper.framework; name = CoreGraphics.framework; path = System/Library/Frameworks/CoreGraphics.framework; sourceTree = SDKROOT; };
		4644E69A172CD90400087BF2 /* iCodeGenerator-Info.plist */ = {isa = PBXFileReference; lastKnownFileType = text.plist.xml; path = "iCodeGenerator-Info.plist"; sourceTree = "<group>"; };
		4644E69E172CD90400087BF2 /* main.m */ = {isa = PBXFileReference; lastKnownFileType = sourcecode.c.objc; path = main.m; sourceTree = "<group>"; };
		4644E6A0172CD90400087BF2 /* iCodeGenerator-Prefix.pch */ = {isa = PBXFileReference; lastKnownFileType = sourcecode.c.h; path = "iCodeGenerator-Prefix.pch"; sourceTree = "<group>"; };
		4644E6A1172CD90400087BF2 /* AppDelegate.h */ = {isa = PBXFileReference; lastKnownFileType = sourcecode.c.h; path = AppDelegate.h; sourceTree = "<group>"; };
		4644E6A2172CD90400087BF2 /* AppDelegate.m */ = {isa = PBXFileReference; lastKnownFileType = sourcecode.c.objc; path = AppDelegate.m; sourceTree = "<group>"; };
		4644E6A8172CD90400087BF2 /* Default-568h@2x.png */ = {isa = PBXFileReference; lastKnownFileType = image.png; path = "Default-568h@2x.png"; sourceTree = "<group>"; };
		4644E6B6172CD94700087BF2 /* DataModel.h */ = {isa = PBXFileReference; fileEncoding = 4; lastKnownFileType = sourcecode.c.h; path = DataModel.h; sourceTree = "<group>"; };
		4644E6B7172CD94700087BF2 /* DataModel.m */ = {isa = PBXFileReference; fileEncoding = 4; lastKnownFileType = sourcecode.c.objc; path = DataModel.m; sourceTree = "<group>"; };
		4644E6B8172CD94700087BF2 /* HFCustomer.h */ = {isa = PBXFileReference; fileEncoding = 4; lastKnownFileType = sourcecode.c.h; path = HFCustomer.h; sourceTree = "<group>"; };
		4644E6B9172CD94700087BF2 /* HFCustomer.m */ = {isa = PBXFileReference; fileEncoding = 4; lastKnownFileType = sourcecode.c.objc; path = HFCustomer.m; sourceTree = "<group>"; };
		4644E6BA172CD94700087BF2 /* JSONParserGenerator.h */ = {isa = PBXFileReference; fileEncoding = 4; lastKnownFileType = sourcecode.c.h; path = JSONParserGenerator.h; sourceTree = "<group>"; };
		4644E6BB172CD94700087BF2 /* JSONParserGenerator.m */ = {isa = PBXFileReference; fileEncoding = 4; lastKnownFileType = sourcecode.c.objc; path = JSONParserGenerator.m; sourceTree = "<group>"; };
		4644E6BC172CD94700087BF2 /* NSCodingGenerator.h */ = {isa = PBXFileReference; fileEncoding = 4; lastKnownFileType = sourcecode.c.h; path = NSCodingGenerator.h; sourceTree = "<group>"; };
		4644E6BD172CD94700087BF2 /* NSCodingGenerator.m */ = {isa = PBXFileReference; fileEncoding = 4; lastKnownFileType = sourcecode.c.objc; path = NSCodingGenerator.m; sourceTree = "<group>"; };
		4644E6BE172CD94700087BF2 /* ObjectRuntime.h */ = {isa = PBXFileReference; fileEncoding = 4; lastKnownFileType = sourcecode.c.h; path = ObjectRuntime.h; sourceTree = "<group>"; };
		4644E6BF172CD94700087BF2 /* ObjectRuntime.m */ = {isa = PBXFileReference; fileEncoding = 4; lastKnownFileType = sourcecode.c.objc; path = ObjectRuntime.m; sourceTree = "<group>"; };
		4644E6C0172CD94700087BF2 /* PropertiesGenerator.h */ = {isa = PBXFileReference; fileEncoding = 4; lastKnownFileType = sourcecode.c.h; path = PropertiesGenerator.h; sourceTree = "<group>"; };
		4644E6C1172CD94700087BF2 /* PropertiesGenerator.m */ = {isa = PBXFileReference; fileEncoding = 4; lastKnownFileType = sourcecode.c.objc; path = PropertiesGenerator.m; sourceTree = "<group>"; };
/* End PBXFileReference section */

/* Begin PBXFrameworksBuildPhase section */
		4644E68C172CD90400087BF2 /* Frameworks */ = {
			isa = PBXFrameworksBuildPhase;
			buildActionMask = 2147483647;
			files = (
				4644E693172CD90400087BF2 /* UIKit.framework in Frameworks */,
				4644E695172CD90400087BF2 /* Foundation.framework in Frameworks */,
				4644E697172CD90400087BF2 /* CoreGraphics.framework in Frameworks */,
			);
			runOnlyForDeploymentPostprocessing = 0;
		};
/* End PBXFrameworksBuildPhase section */

/* Begin PBXGroup section */
		4644E686172CD90400087BF2 = {
			isa = PBXGroup;
			children = (
				4644E698172CD90400087BF2 /* iCodeGenerator */,
				4644E691172CD90400087BF2 /* Frameworks */,
				4644E690172CD90400087BF2 /* Products */,
			);
			sourceTree = "<group>";
		};
		4644E690172CD90400087BF2 /* Products */ = {
			isa = PBXGroup;
			children = (
				4644E68F172CD90400087BF2 /* iCodeGenerator.app */,
			);
			name = Products;
			sourceTree = "<group>";
		};
		4644E691172CD90400087BF2 /* Frameworks */ = {
			isa = PBXGroup;
			children = (
				4644E692172CD90400087BF2 /* UIKit.framework */,
				4644E694172CD90400087BF2 /* Foundation.framework */,
				4644E696172CD90400087BF2 /* CoreGraphics.framework */,
			);
			name = Frameworks;
			sourceTree = "<group>";
		};
		4644E698172CD90400087BF2 /* iCodeGenerator */ = {
			isa = PBXGroup;
			children = (
				4644E6B5172CD94700087BF2 /* DataModel */,
				4644E6BA172CD94700087BF2 /* JSONParserGenerator.h */,
				4644E6BB172CD94700087BF2 /* JSONParserGenerator.m */,
				4644E6BC172CD94700087BF2 /* NSCodingGenerator.h */,
				4644E6BD172CD94700087BF2 /* NSCodingGenerator.m */,
				4644E6BE172CD94700087BF2 /* ObjectRuntime.h */,
				4644E6BF172CD94700087BF2 /* ObjectRuntime.m */,
				4644E6C0172CD94700087BF2 /* PropertiesGenerator.h */,
				4644E6C1172CD94700087BF2 /* PropertiesGenerator.m */,
				4644E6A1172CD90400087BF2 /* AppDelegate.h */,
				4644E6A2172CD90400087BF2 /* AppDelegate.m */,
				4644E699172CD90400087BF2 /* Supporting Files */,
			);
			path = iCodeGenerator;
			sourceTree = "<group>";
		};
		4644E699172CD90400087BF2 /* Supporting Files */ = {
			isa = PBXGroup;
			children = (
				4644E69A172CD90400087BF2 /* iCodeGenerator-Info.plist */,
				4644E69E172CD90400087BF2 /* main.m */,
				4644E6A0172CD90400087BF2 /* iCodeGenerator-Prefix.pch */,
				4644E6A8172CD90400087BF2 /* Default-568h@2x.png */,
			);
			name = "Supporting Files";
			sourceTree = "<group>";
		};
		4644E6B5172CD94700087BF2 /* DataModel */ = {
			isa = PBXGroup;
			children = (
				4644E6B6172CD94700087BF2 /* DataModel.h */,
				4644E6B7172CD94700087BF2 /* DataModel.m */,
				4644E6B8172CD94700087BF2 /* HFCustomer.h */,
				4644E6B9172CD94700087BF2 /* HFCustomer.m */,
			);
			path = DataModel;
			sourceTree = "<group>";
		};
/* End PBXGroup section */

/* Begin PBXNativeTarget section */
		4644E68E172CD90400087BF2 /* iCodeGenerator */ = {
			isa = PBXNativeTarget;
			buildConfigurationList = 4644E6B2172CD90400087BF2 /* Build configuration list for PBXNativeTarget "iCodeGenerator" */;
			buildPhases = (
				4644E68B172CD90400087BF2 /* Sources */,
				4644E68C172CD90400087BF2 /* Frameworks */,
				4644E68D172CD90400087BF2 /* Resources */,
			);
			buildRules = (
			);
			dependencies = (
			);
			name = iCodeGenerator;
			productName = iCodeGenerator;
			productReference = 4644E68F172CD90400087BF2 /* iCodeGenerator.app */;
			productType = "com.apple.product-type.application";
		};
/* End PBXNativeTarget section */

/* Begin PBXProject section */
		4644E687172CD90400087BF2 /* Project object */ = {
			isa = PBXProject;
			attributes = {
				LastUpgradeCheck = 0460;
				ORGANIZATIONNAME = "Ma Jianglin";
			};
			buildConfigurationList = 4644E68A172CD90400087BF2 /* Build configuration list for PBXProject "iCodeGenerator" */;
			compatibilityVersion = "Xcode 3.2";
			developmentRegion = English;
			hasScannedForEncodings = 0;
			knownRegions = (
				en,
			);
			mainGroup = 4644E686172CD90400087BF2;
			productRefGroup = 4644E690172CD90400087BF2 /* Products */;
			projectDirPath = "";
			projectRoot = "";
			targets = (
				4644E68E172CD90400087BF2 /* iCodeGenerator */,
			);
		};
/* End PBXProject section */

/* Begin PBXResourcesBuildPhase section */
		4644E68D172CD90400087BF2 /* Resources */ = {
			isa = PBXResourcesBuildPhase;
			buildActionMask = 2147483647;
			files = (
				4644E6A9172CD90400087BF2 /* Default-568h@2x.png in Resources */,
			);
			runOnlyForDeploymentPostprocessing = 0;
		};
/* End PBXResourcesBuildPhase section */

/* Begin PBXSourcesBuildPhase section */
		4644E68B172CD90400087BF2 /* Sources */ = {
			isa = PBXSourcesBuildPhase;
			buildActionMask = 2147483647;
			files = (
				4644E69F172CD90400087BF2 /* main.m in Sources */,
				4644E6A3172CD90400087BF2 /* AppDelegate.m in Sources */,
				4644E6C2172CD94700087BF2 /* DataModel.m in Sources */,
				4644E6C3172CD94700087BF2 /* HFCustomer.m in Sources */,
				4644E6C4172CD94700087BF2 /* JSONParserGenerator.m in Sources */,
				4644E6C5172CD94700087BF2 /* NSCodingGenerator.m in Sources */,
				4644E6C6172CD94700087BF2 /* ObjectRuntime.m in Sources */,
				4644E6C7172CD94700087BF2 /* PropertiesGenerator.m in Sources */,
			);
			runOnlyForDeploymentPostprocessing = 0;
		};
/* End PBXSourcesBuildPhase section */

/* Begin XCBuildConfiguration section */
		4644E6B0172CD90400087BF2 /* Debug */ = {
			isa = XCBuildConfiguration;
			buildSettings = {
				ALWAYS_SEARCH_USER_PATHS = NO;
				CLANG_CXX_LANGUAGE_STANDARD = "gnu++0x";
				CLANG_CXX_LIBRARY = "libc++";
				CLANG_ENABLE_OBJC_ARC = YES;
				CLANG_WARN_CONSTANT_CONVERSION = YES;
				CLANG_WARN_EMPTY_BODY = YES;
				CLANG_WARN_ENUM_CONVERSION = YES;
				CLANG_WARN_INT_CONVERSION = YES;
				CLANG_WARN__DUPLICATE_METHOD_MATCH = YES;
				"CODE_SIGN_IDENTITY[sdk=iphoneos*]" = "iPhone Developer";
				COPY_PHASE_STRIP = NO;
				GCC_C_LANGUAGE_STANDARD = gnu99;
				GCC_DYNAMIC_NO_PIC = NO;
				GCC_OPTIMIZATION_LEVEL = 0;
				GCC_PREPROCESSOR_DEFINITIONS = (
					"DEBUG=1",
					"$(inherited)",
				);
				GCC_SYMBOLS_PRIVATE_EXTERN = NO;
				GCC_WARN_ABOUT_RETURN_TYPE = YES;
				GCC_WARN_UNINITIALIZED_AUTOS = YES;
				GCC_WARN_UNUSED_VARIABLE = YES;
				IPHONEOS_DEPLOYMENT_TARGET = 6.1;
				ONLY_ACTIVE_ARCH = YES;
				SDKROOT = iphoneos;
			};
			name = Debug;
		};
		4644E6B1172CD90400087BF2 /* Release */ = {
			isa = XCBuildConfiguration;
			buildSettings = {
				ALWAYS_SEARCH_USER_PATHS = NO;
				CLANG_CXX_LANGUAGE_STANDARD = "gnu++0x";
				CLANG_CXX_LIBRARY = "libc++";
				CLANG_ENABLE_OBJC_ARC = YES;
				CLANG_WARN_CONSTANT_CONVERSION = YES;
				CLANG_WARN_EMPTY_BODY = YES;
				CLANG_WARN_ENUM_CONVERSION = YES;
				CLANG_WARN_INT_CONVERSION = YES;
				CLANG_WARN__DUPLICATE_METHOD_MATCH = YES;
				"CODE_SIGN_IDENTITY[sdk=iphoneos*]" = "iPhone Developer";
				COPY_PHASE_STRIP = YES;
				GCC_C_LANGUAGE_STANDARD = gnu99;
				GCC_WARN_ABOUT_RETURN_TYPE = YES;
				GCC_WARN_UNINITIALIZED_AUTOS = YES;
				GCC_WARN_UNUSED_VARIABLE = YES;
				IPHONEOS_DEPLOYMENT_TARGET = 6.1;
				OTHER_CFLAGS = "-DNS_BLOCK_ASSERTIONS=1";
				SDKROOT = iphoneos;
				VALIDATE_PRODUCT = YES;
			};
			name = Release;
		};
		4644E6B3172CD90400087BF2 /* Debug */ = {
			isa = XCBuildConfiguration;
			buildSettings = {
				GCC_PRECOMPILE_PREFIX_HEADER = YES;
				GCC_PREFIX_HEADER = "iCodeGenerator/iCodeGenerator-Prefix.pch";
				INFOPLIST_FILE = "iCodeGenerator/iCodeGenerator-Info.plist";
				IPHONEOS_DEPLOYMENT_TARGET = 4.3;
				PRODUCT_NAME = "$(TARGET_NAME)";
				WRAPPER_EXTENSION = app;
			};
			name = Debug;
		};
		4644E6B4172CD90400087BF2 /* Release */ = {
			isa = XCBuildConfiguration;
			buildSettings = {
				GCC_PRECOMPILE_PREFIX_HEADER = YES;
				GCC_PREFIX_HEADER = "iCodeGenerator/iCodeGenerator-Prefix.pch";
				INFOPLIST_FILE = "iCodeGenerator/iCodeGenerator-Info.plist";
				IPHONEOS_DEPLOYMENT_TARGET = 4.3;
				PRODUCT_NAME = "$(TARGET_NAME)";
				WRAPPER_EXTENSION = app;
			};
			name = Release;
		};
/* End XCBuildConfiguration section */

/* Begin XCConfigurationList section */
		4644E68A172CD90400087BF2 /* Build configuration list for PBXProject "iCodeGenerator" */ = {
			isa = XCConfigurationList;
			buildConfigurations = (
				4644E6B0172CD90400087BF2 /* Debug */,
				4644E6B1172CD90400087BF2 /* Release */,
			);
			defaultConfigurationIsVisible = 0;
			defaultConfigurationName = Release;
		};
		4644E6B2172CD90400087BF2 /* Build configuration list for PBXNativeTarget "iCodeGenerator" */ = {
			isa = XCConfigurationList;
			buildConfigurations = (
				4644E6B3172CD90400087BF2 /* Debug */,
				4644E6B4172CD90400087BF2 /* Release */,
			);
			defaultConfigurationIsVisible = 0;
		};
/* End XCConfigurationList section */
	};
	rootObject = 4644E687172CD90400087BF2 /* Project object */;
}
